
Microsoft Visual Studio Solution File, Format Version 12.00
# Visual Studio Version 17
VisualStudioVersion = 17.1.32228.430
MinimumVisualStudioVersion = 10.0.40219.1
Project("{9A19103F-16F7-4668-BE54-9A1E7A4F7556}") = "CMP.Functions", "CMP.Functions\CMP.Functions.csproj", "{2F0FB02A-2EF4-4A91-B420-5A379C6D1DE5}"
EndProject
Project("{9A19103F-16F7-4668-BE54-9A1E7A4F7556}") = "CMP.Functions.Tests.Unit", "CMP.Functions.Tests\CMP.Functions.Tests.Unit.csproj", "{38BF42B3-A494-4142-8315-F2D4B04E5E45}"
EndProject
Project("{151D2E53-A2C4-4D7D-83FE-D05416EBD58E}") = "CMP.Deployment", "CMP.Deployment\CMP.Deployment.deployproj", "{AC6046CB-C017-4EA3-871F-9EF3BCEEE91B}"
EndProject
Project("{9A19103F-16F7-4668-BE54-9A1E7A4F7556}") = "CMP.Core", "CMP.Core\CMP.Core.csproj", "{EBB74F88-76AF-46AC-9684-9AB809089E8F}"
EndProject
Project("{FAE04EC0-301F-11D3-BF4B-00C04F79EFBC}") = "CMP.Functions.Tests.Integration", "CMP.Functions.Integration.Tests\CMP.Functions.Tests.Integration.csproj", "{49A984E5-D9FF-490C-886B-46FD35F2261A}"
EndProject
Project("{FAE04EC0-301F-11D3-BF4B-00C04F79EFBC}") = "CMP.Functions.Tests.Core", "CMP.Functions.Tests.Core\CMP.Functions.Tests.Core.csproj", "{8469573F-1F04-40FA-8645-EF50DAA534C2}"
EndProject
Global
	GlobalSection(SolutionConfigurationPlatforms) = preSolution
		Debug|Any CPU = Debug|Any CPU
		Release|Any CPU = Release|Any CPU
	EndGlobalSection
	GlobalSection(ProjectConfigurationPlatforms) = postSolution
		{2F0FB02A-2EF4-4A91-B420-5A379C6D1DE5}.Debug|Any CPU.ActiveCfg = Debug|Any CPU
		{2F0FB02A-2EF4-4A91-B420-5A379C6D1DE5}.Debug|Any CPU.Build.0 = Debug|Any CPU
		{2F0FB02A-2EF4-4A91-B420-5A379C6D1DE5}.Release|Any CPU.ActiveCfg = Release|Any CPU
		{2F0FB02A-2EF4-4A91-B420-5A379C6D1DE5}.Release|Any CPU.Build.0 = Release|Any CPU
		{38BF42B3-A494-4142-8315-F2D4B04E5E45}.Debug|Any CPU.ActiveCfg = Debug|Any CPU
		{38BF42B3-A494-4142-8315-F2D4B04E5E45}.Debug|Any CPU.Build.0 = Debug|Any CPU
		{38BF42B3-A494-4142-8315-F2D4B04E5E45}.Release|Any CPU.ActiveCfg = Release|Any CPU
		{38BF42B3-A494-4142-8315-F2D4B04E5E45}.Release|Any CPU.Build.0 = Release|Any CPU
		{AC6046CB-C017-4EA3-871F-9EF3BCEEE91B}.Debug|Any CPU.ActiveCfg = Debug|Any CPU
		{AC6046CB-C017-4EA3-871F-9EF3BCEEE91B}.Debug|Any CPU.Build.0 = Debug|Any CPU
		{AC6046CB-C017-4EA3-871F-9EF3BCEEE91B}.Release|Any CPU.ActiveCfg = Release|Any CPU
		{AC6046CB-C017-4EA3-871F-9EF3BCEEE91B}.Release|Any CPU.Build.0 = Release|Any CPU
		{EBB74F88-76AF-46AC-9684-9AB809089E8F}.Debug|Any CPU.ActiveCfg = Debug|Any CPU
		{EBB74F88-76AF-46AC-9684-9AB809089E8F}.Debug|Any CPU.Build.0 = Debug|Any CPU
		{EBB74F88-76AF-46AC-9684-9AB809089E8F}.Release|Any CPU.ActiveCfg = Release|Any CPU
		{EBB74F88-76AF-46AC-9684-9AB809089E8F}.Release|Any CPU.Build.0 = Release|Any CPU
		{49A984E5-D9FF-490C-886B-46FD35F2261A}.Debug|Any CPU.ActiveCfg = Debug|Any CPU
		{49A984E5-D9FF-490C-886B-46FD35F2261A}.Debug|Any CPU.Build.0 = Debug|Any CPU
		{49A984E5-D9FF-490C-886B-46FD35F2261A}.Release|Any CPU.ActiveCfg = Release|Any CPU
		{49A984E5-D9FF-490C-886B-46FD35F2261A}.Release|Any CPU.Build.0 = Release|Any CPU
		{8469573F-1F04-40FA-8645-EF50DAA534C2}.Debug|Any CPU.ActiveCfg = Debug|Any CPU
		{8469573F-1F04-40FA-8645-EF50DAA534C2}.Debug|Any CPU.Build.0 = Debug|Any CPU
		{8469573F-1F04-40FA-8645-EF50DAA534C2}.Release|Any CPU.ActiveCfg = Release|Any CPU
		{8469573F-1F04-40FA-8645-EF50DAA534C2}.Release|Any CPU.Build.0 = Release|Any CPU
	EndGlobalSection
	GlobalSection(SolutionProperties) = preSolution
		HideSolutionNode = FALSE
	EndGlobalSection
	GlobalSection(ExtensibilityGlobals) = postSolution
		SolutionGuid = {49B92540-9E77-4544-8C43-80731C183DD9}
	EndGlobalSection
EndGlobal
